
Microsoft Visual Studio Solution File, Format Version 12.00
# Visual Studio Version 16
VisualStudioVersion = 16.0.32802.440
MinimumVisualStudioVersion = 10.0.40219.1
Project("{9A19103F-16F7-4668-BE54-9A1E7A4F7556}") = "Przelicznikk", "Przelicznikk.csproj", "{CAE755D4-835E-46BF-88C7-F3F1B793ED6F}"
EndProject
Global
	GlobalSection(SolutionConfigurationPlatforms) = preSolution
		Debug|Any CPU = Debug|Any CPU
		Release|Any CPU = Release|Any CPU
	EndGlobalSection
	GlobalSection(ProjectConfigurationPlatforms) = postSolution
		{CAE755D4-835E-46BF-88C7-F3F1B793ED6F}.Debug|Any CPU.ActiveCfg = Debug|Any CPU
		{CAE755D4-835E-46BF-88C7-F3F1B793ED6F}.Debug|Any CPU.Build.0 = Debug|Any CPU
		{CAE755D4-835E-46BF-88C7-F3F1B793ED6F}.Release|Any CPU.ActiveCfg = Release|Any CPU
		{CAE755D4-835E-46BF-88C7-F3F1B793ED6F}.Release|Any CPU.Build.0 = Release|Any CPU
	EndGlobalSection
	GlobalSection(SolutionProperties) = preSolution
		HideSolutionNode = FALSE
	EndGlobalSection
	GlobalSection(ExtensibilityGlobals) = postSolution
		SolutionGuid = {98E6383B-AE93-44C1-A03B-A37875FDD124}
	EndGlobalSection
EndGlobal
